
Microsoft Visual Studio Solution File, Format Version 12.00
# Visual Studio Version 17
VisualStudioVersion = 17.5.33502.453
MinimumVisualStudioVersion = 10.0.40219.1
Project("{9A19103F-16F7-4668-BE54-9A1E7A4F7556}") = "EntregaSegura.API", "EntregaSegura.API\EntregaSegura.API.csproj", "{8A65AE10-261C-412F-A8B1-097D2C33C51E}"
EndProject
Project("{FAE04EC0-301F-11D3-BF4B-00C04F79EFBC}") = "EntregaSegura.Application", "EntregaSegura.Application\EntregaSegura.Application.csproj", "{C22F44FD-AADF-4082-9AB0-75F3CBAC38E0}"
EndProject
Project("{FAE04EC0-301F-11D3-BF4B-00C04F79EFBC}") = "EntregaSegura.Domain", "EntregaSegura.Domain\EntregaSegura.Domain.csproj", "{6E8B3F5D-2214-4D45-9D9C-F8F69B4887B8}"
EndProject
Project("{FAE04EC0-301F-11D3-BF4B-00C04F79EFBC}") = "EntregaSegura.Infrastructure", "EntregaSegura.Infrastructure\EntregaSegura.Infrastructure.csproj", "{7F0E5EEB-9837-4731-B3C3-3990EB323F20}"
EndProject
Global
	GlobalSection(SolutionConfigurationPlatforms) = preSolution
		Debug|Any CPU = Debug|Any CPU
		Release|Any CPU = Release|Any CPU
	EndGlobalSection
	GlobalSection(ProjectConfigurationPlatforms) = postSolution
		{8A65AE10-261C-412F-A8B1-097D2C33C51E}.Debug|Any CPU.ActiveCfg = Debug|Any CPU
		{8A65AE10-261C-412F-A8B1-097D2C33C51E}.Debug|Any CPU.Build.0 = Debug|Any CPU
		{8A65AE10-261C-412F-A8B1-097D2C33C51E}.Release|Any CPU.ActiveCfg = Release|Any CPU
		{8A65AE10-261C-412F-A8B1-097D2C33C51E}.Release|Any CPU.Build.0 = Release|Any CPU
		{C22F44FD-AADF-4082-9AB0-75F3CBAC38E0}.Debug|Any CPU.ActiveCfg = Debug|Any CPU
		{C22F44FD-AADF-4082-9AB0-75F3CBAC38E0}.Debug|Any CPU.Build.0 = Debug|Any CPU
		{C22F44FD-AADF-4082-9AB0-75F3CBAC38E0}.Release|Any CPU.ActiveCfg = Release|Any CPU
		{C22F44FD-AADF-4082-9AB0-75F3CBAC38E0}.Release|Any CPU.Build.0 = Release|Any CPU
		{6E8B3F5D-2214-4D45-9D9C-F8F69B4887B8}.Debug|Any CPU.ActiveCfg = Debug|Any CPU
		{6E8B3F5D-2214-4D45-9D9C-F8F69B4887B8}.Debug|Any CPU.Build.0 = Debug|Any CPU
		{6E8B3F5D-2214-4D45-9D9C-F8F69B4887B8}.Release|Any CPU.ActiveCfg = Release|Any CPU
		{6E8B3F5D-2214-4D45-9D9C-F8F69B4887B8}.Release|Any CPU.Build.0 = Release|Any CPU
		{7F0E5EEB-9837-4731-B3C3-3990EB323F20}.Debug|Any CPU.ActiveCfg = Debug|Any CPU
		{7F0E5EEB-9837-4731-B3C3-3990EB323F20}.Debug|Any CPU.Build.0 = Debug|Any CPU
		{7F0E5EEB-9837-4731-B3C3-3990EB323F20}.Release|Any CPU.ActiveCfg = Release|Any CPU
		{7F0E5EEB-9837-4731-B3C3-3990EB323F20}.Release|Any CPU.Build.0 = Release|Any CPU
	EndGlobalSection
	GlobalSection(SolutionProperties) = preSolution
		HideSolutionNode = FALSE
	EndGlobalSection
	GlobalSection(ExtensibilityGlobals) = postSolution
		SolutionGuid = {AE801AB4-6EFC-4A9A-9B7A-FC27BBA2A153}
	EndGlobalSection
EndGlobal
