
Microsoft Visual Studio Solution File, Format Version 12.00
# Visual Studio Version 17
VisualStudioVersion = 17.5.33502.453
MinimumVisualStudioVersion = 10.0.40219.1
Project("{FAE04EC0-301F-11D3-BF4B-00C04F79EFBC}") = "EntregaSegura.Domain", "src\EntregaSegura.Domain\EntregaSegura.Domain.csproj", "{FADB61B2-39C3-45FD-9A89-8ECE76AF9FD7}"
EndProject
Project("{FAE04EC0-301F-11D3-BF4B-00C04F79EFBC}") = "EntregaSegura.Infrastructure", "src\EntregaSegura.Infrastructure\EntregaSegura.Infrastructure.csproj", "{A0068213-7A84-4518-9925-671258341AAD}"
EndProject
Project("{FAE04EC0-301F-11D3-BF4B-00C04F79EFBC}") = "EntregaSegura.Application", "src\EntregaSegura.Application\EntregaSegura.Application.csproj", "{DB943B92-0981-4495-8907-660A298CC3F2}"
EndProject
Global
	GlobalSection(SolutionConfigurationPlatforms) = preSolution
		Debug|Any CPU = Debug|Any CPU
		Release|Any CPU = Release|Any CPU
	EndGlobalSection
	GlobalSection(ProjectConfigurationPlatforms) = postSolution
		{FADB61B2-39C3-45FD-9A89-8ECE76AF9FD7}.Debug|Any CPU.ActiveCfg = Debug|Any CPU
		{FADB61B2-39C3-45FD-9A89-8ECE76AF9FD7}.Debug|Any CPU.Build.0 = Debug|Any CPU
		{FADB61B2-39C3-45FD-9A89-8ECE76AF9FD7}.Release|Any CPU.ActiveCfg = Release|Any CPU
		{FADB61B2-39C3-45FD-9A89-8ECE76AF9FD7}.Release|Any CPU.Build.0 = Release|Any CPU
		{A0068213-7A84-4518-9925-671258341AAD}.Debug|Any CPU.ActiveCfg = Debug|Any CPU
		{A0068213-7A84-4518-9925-671258341AAD}.Debug|Any CPU.Build.0 = Debug|Any CPU
		{A0068213-7A84-4518-9925-671258341AAD}.Release|Any CPU.ActiveCfg = Release|Any CPU
		{A0068213-7A84-4518-9925-671258341AAD}.Release|Any CPU.Build.0 = Release|Any CPU
		{DB943B92-0981-4495-8907-660A298CC3F2}.Debug|Any CPU.ActiveCfg = Debug|Any CPU
		{DB943B92-0981-4495-8907-660A298CC3F2}.Debug|Any CPU.Build.0 = Debug|Any CPU
		{DB943B92-0981-4495-8907-660A298CC3F2}.Release|Any CPU.ActiveCfg = Release|Any CPU
		{DB943B92-0981-4495-8907-660A298CC3F2}.Release|Any CPU.Build.0 = Release|Any CPU
	EndGlobalSection
	GlobalSection(SolutionProperties) = preSolution
		HideSolutionNode = FALSE
	EndGlobalSection
	GlobalSection(ExtensibilityGlobals) = postSolution
		SolutionGuid = {485842AC-418B-4464-B353-D5DBBB6A2FE4}
	EndGlobalSection
EndGlobal
